
Microsoft Visual Studio Solution File, Format Version 12.00
# Visual Studio Version 17
VisualStudioVersion = 17.0.31903.59
MinimumVisualStudioVersion = 10.0.40219.1
Project("{9A19103F-16F7-4668-BE54-9A1E7A4F7556}") = "Otal.lmaoo.Web", "Otal.lmaoo.Web\Otal.lmaoo.Web.csproj", "{0B9DF402-F344-4676-BE3B-D1E94ACA8C53}"
EndProject
Project("{9A19103F-16F7-4668-BE54-9A1E7A4F7556}") = "Otal.lmaoo.Core", "Otal.lmaoo.Core\Otal.lmaoo.Core.csproj", "{E3F01CA7-40B9-42D2-9080-CE677621AF7D}"
EndProject
Project("{9A19103F-16F7-4668-BE54-9A1E7A4F7556}") = "Otal.lmaoo.Data", "Otal.lmaoo.Data\Otal.lmaoo.Data.csproj", "{D323545D-CDF2-4712-8441-65847F01DD90}"
EndProject
Project("{00D1A9C2-B5F0-4AF3-8072-F6C62B433612}") = "Otal.lmaoo.Database", "Otal.lmaoo.Database\Otal.lmaoo.Database.sqlproj", "{0F70CB84-C53B-424A-951F-C1CE2FA7AF70}"
EndProject
Project("{2150E333-8FDC-42A3-9474-1A3956D46DE8}") = "Solution Items", "Solution Items", "{A7C1C37C-E821-4CEC-9E21-BD1AB92D9FBF}"
	ProjectSection(SolutionItems) = preProject
		.env = .env
		.env.integration = .env.integration
		.env.sample = .env.sample
		.gitignore = .gitignore
	EndProjectSection
EndProject
Project("{9A19103F-16F7-4668-BE54-9A1E7A4F7556}") = "Otal.lmaoo.Data.IntegrationTests", "Otal.lmaoo.Data.IntegrationTests\Otal.lmaoo.Data.IntegrationTests.csproj", "{EB2BD406-2207-4DC6-A379-33CCAB98498E}"
EndProject
Project("{9A19103F-16F7-4668-BE54-9A1E7A4F7556}") = "Otal.lmaoo.Service.UnitTests", "Otal.lmaoo.Service.UnitTests\Otal.lmaoo.Service.UnitTests.csproj", "{2DAE6E11-16A3-4EBA-968F-9B353ACA23A2}"
EndProject
Project("{9A19103F-16F7-4668-BE54-9A1E7A4F7556}") = "Otal.lmaoo.Service", "Otal.lmaoo.Service\Otal.lmaoo.Service.csproj", "{DE6F3059-22E8-4670-BB10-445AAECCD3A2}"
EndProject
Project("{2150E333-8FDC-42A3-9474-1A3956D46DE8}") = "src", "src", "{978348DD-97D3-4099-AA2F-5CB603393589}"
EndProject
Project("{2150E333-8FDC-42A3-9474-1A3956D46DE8}") = "tests", "tests", "{FBFA4487-208A-4AD9-9401-66E6323786C9}"
EndProject
Project("{E53339B2-1760-4266-BCC7-CA923CBCF16C}") = "docker-compose", "docker-compose.dcproj", "{196BBA76-D3EE-42BE-BD5C-9EACC3DF9026}"
EndProject
Global
	GlobalSection(SolutionConfigurationPlatforms) = preSolution
		Debug|Any CPU = Debug|Any CPU
		Release|Any CPU = Release|Any CPU
	EndGlobalSection
	GlobalSection(ProjectConfigurationPlatforms) = postSolution
		{0B9DF402-F344-4676-BE3B-D1E94ACA8C53}.Debug|Any CPU.ActiveCfg = Debug|Any CPU
		{0B9DF402-F344-4676-BE3B-D1E94ACA8C53}.Debug|Any CPU.Build.0 = Debug|Any CPU
		{0B9DF402-F344-4676-BE3B-D1E94ACA8C53}.Release|Any CPU.ActiveCfg = Release|Any CPU
		{0B9DF402-F344-4676-BE3B-D1E94ACA8C53}.Release|Any CPU.Build.0 = Release|Any CPU
		{E3F01CA7-40B9-42D2-9080-CE677621AF7D}.Debug|Any CPU.ActiveCfg = Debug|Any CPU
		{E3F01CA7-40B9-42D2-9080-CE677621AF7D}.Debug|Any CPU.Build.0 = Debug|Any CPU
		{E3F01CA7-40B9-42D2-9080-CE677621AF7D}.Release|Any CPU.ActiveCfg = Release|Any CPU
		{E3F01CA7-40B9-42D2-9080-CE677621AF7D}.Release|Any CPU.Build.0 = Release|Any CPU
		{D323545D-CDF2-4712-8441-65847F01DD90}.Debug|Any CPU.ActiveCfg = Debug|Any CPU
		{D323545D-CDF2-4712-8441-65847F01DD90}.Debug|Any CPU.Build.0 = Debug|Any CPU
		{D323545D-CDF2-4712-8441-65847F01DD90}.Release|Any CPU.ActiveCfg = Release|Any CPU
		{D323545D-CDF2-4712-8441-65847F01DD90}.Release|Any CPU.Build.0 = Release|Any CPU
		{0F70CB84-C53B-424A-951F-C1CE2FA7AF70}.Debug|Any CPU.ActiveCfg = Debug|Any CPU
		{0F70CB84-C53B-424A-951F-C1CE2FA7AF70}.Debug|Any CPU.Build.0 = Debug|Any CPU
		{0F70CB84-C53B-424A-951F-C1CE2FA7AF70}.Debug|Any CPU.Deploy.0 = Debug|Any CPU
		{0F70CB84-C53B-424A-951F-C1CE2FA7AF70}.Release|Any CPU.ActiveCfg = Release|Any CPU
		{0F70CB84-C53B-424A-951F-C1CE2FA7AF70}.Release|Any CPU.Build.0 = Release|Any CPU
		{0F70CB84-C53B-424A-951F-C1CE2FA7AF70}.Release|Any CPU.Deploy.0 = Release|Any CPU
		{EB2BD406-2207-4DC6-A379-33CCAB98498E}.Debug|Any CPU.ActiveCfg = Debug|Any CPU
		{EB2BD406-2207-4DC6-A379-33CCAB98498E}.Debug|Any CPU.Build.0 = Debug|Any CPU
		{EB2BD406-2207-4DC6-A379-33CCAB98498E}.Release|Any CPU.ActiveCfg = Release|Any CPU
		{EB2BD406-2207-4DC6-A379-33CCAB98498E}.Release|Any CPU.Build.0 = Release|Any CPU
		{2DAE6E11-16A3-4EBA-968F-9B353ACA23A2}.Debug|Any CPU.ActiveCfg = Debug|Any CPU
		{2DAE6E11-16A3-4EBA-968F-9B353ACA23A2}.Debug|Any CPU.Build.0 = Debug|Any CPU
		{2DAE6E11-16A3-4EBA-968F-9B353ACA23A2}.Release|Any CPU.ActiveCfg = Release|Any CPU
		{2DAE6E11-16A3-4EBA-968F-9B353ACA23A2}.Release|Any CPU.Build.0 = Release|Any CPU
		{DE6F3059-22E8-4670-BB10-445AAECCD3A2}.Debug|Any CPU.ActiveCfg = Debug|Any CPU
		{DE6F3059-22E8-4670-BB10-445AAECCD3A2}.Debug|Any CPU.Build.0 = Debug|Any CPU
		{DE6F3059-22E8-4670-BB10-445AAECCD3A2}.Release|Any CPU.ActiveCfg = Release|Any CPU
		{DE6F3059-22E8-4670-BB10-445AAECCD3A2}.Release|Any CPU.Build.0 = Release|Any CPU
		{196BBA76-D3EE-42BE-BD5C-9EACC3DF9026}.Debug|Any CPU.ActiveCfg = Debug|Any CPU
		{196BBA76-D3EE-42BE-BD5C-9EACC3DF9026}.Debug|Any CPU.Build.0 = Debug|Any CPU
		{196BBA76-D3EE-42BE-BD5C-9EACC3DF9026}.Release|Any CPU.ActiveCfg = Release|Any CPU
		{196BBA76-D3EE-42BE-BD5C-9EACC3DF9026}.Release|Any CPU.Build.0 = Release|Any CPU
	EndGlobalSection
	GlobalSection(SolutionProperties) = preSolution
		HideSolutionNode = FALSE
	EndGlobalSection
	GlobalSection(NestedProjects) = preSolution
		{0B9DF402-F344-4676-BE3B-D1E94ACA8C53} = {978348DD-97D3-4099-AA2F-5CB603393589}
		{E3F01CA7-40B9-42D2-9080-CE677621AF7D} = {978348DD-97D3-4099-AA2F-5CB603393589}
		{D323545D-CDF2-4712-8441-65847F01DD90} = {978348DD-97D3-4099-AA2F-5CB603393589}
		{0F70CB84-C53B-424A-951F-C1CE2FA7AF70} = {978348DD-97D3-4099-AA2F-5CB603393589}
		{EB2BD406-2207-4DC6-A379-33CCAB98498E} = {FBFA4487-208A-4AD9-9401-66E6323786C9}
		{2DAE6E11-16A3-4EBA-968F-9B353ACA23A2} = {FBFA4487-208A-4AD9-9401-66E6323786C9}
		{DE6F3059-22E8-4670-BB10-445AAECCD3A2} = {978348DD-97D3-4099-AA2F-5CB603393589}
	EndGlobalSection
	GlobalSection(ExtensibilityGlobals) = postSolution
		SolutionGuid = {6D1D338E-D1E1-4B58-8B5A-683B2FCD312D}
	EndGlobalSection
EndGlobal
